
Microsoft Visual Studio Solution File, Format Version 12.00
# Visual Studio Version 17
VisualStudioVersion = 17.8.34330.188
MinimumVisualStudioVersion = 10.0.40219.1
Project("{9A19103F-16F7-4668-BE54-9A1E7A4F7556}") = "CaptainOath.DataStore", "CaptainOath.DataStore\CaptainOath.DataStore.csproj", "{4928F408-8FA1-4E96-BB29-E62B1045B302}"
EndProject
Global
	GlobalSection(SolutionConfigurationPlatforms) = preSolution
		Debug|Any CPU = Debug|Any CPU
		Release|Any CPU = Release|Any CPU
	EndGlobalSection
	GlobalSection(ProjectConfigurationPlatforms) = postSolution
		{4928F408-8FA1-4E96-BB29-E62B1045B302}.Debug|Any CPU.ActiveCfg = Debug|Any CPU
		{4928F408-8FA1-4E96-BB29-E62B1045B302}.Debug|Any CPU.Build.0 = Debug|Any CPU
		{4928F408-8FA1-4E96-BB29-E62B1045B302}.Release|Any CPU.ActiveCfg = Release|Any CPU
		{4928F408-8FA1-4E96-BB29-E62B1045B302}.Release|Any CPU.Build.0 = Release|Any CPU
	EndGlobalSection
	GlobalSection(SolutionProperties) = preSolution
		HideSolutionNode = FALSE
	EndGlobalSection
	GlobalSection(ExtensibilityGlobals) = postSolution
		SolutionGuid = {4CABB3C4-D8EA-49E9-ADE0-5D094DC86CFD}
	EndGlobalSection
EndGlobal
